
Microsoft Visual Studio Solution File, Format Version 12.00
# Visual Studio Version 16
VisualStudioVersion = 16.0.31402.337
MinimumVisualStudioVersion = 10.0.40219.1
Project("{9A19103F-16F7-4668-BE54-9A1E7A4F7556}") = "RankPrediction_Web", "RankPrediction_Web\RankPrediction_Web.csproj", "{A966F66C-65C7-44E2-A0D9-191EBA181849}"
EndProject
Project("{FAE04EC0-301F-11D3-BF4B-00C04F79EFBC}") = "RankPrediction_Web_Test", "RankPrediction_Web_Test\RankPrediction_Web_Test.csproj", "{5BEEC407-D168-4F55-8E34-A2B37E3A4846}"
EndProject
Global
	GlobalSection(SolutionConfigurationPlatforms) = preSolution
		Debug|Any CPU = Debug|Any CPU
		Release|Any CPU = Release|Any CPU
	EndGlobalSection
	GlobalSection(ProjectConfigurationPlatforms) = postSolution
		{A966F66C-65C7-44E2-A0D9-191EBA181849}.Debug|Any CPU.ActiveCfg = Debug|Any CPU
		{A966F66C-65C7-44E2-A0D9-191EBA181849}.Debug|Any CPU.Build.0 = Debug|Any CPU
		{A966F66C-65C7-44E2-A0D9-191EBA181849}.Release|Any CPU.ActiveCfg = Release|Any CPU
		{A966F66C-65C7-44E2-A0D9-191EBA181849}.Release|Any CPU.Build.0 = Release|Any CPU
		{5BEEC407-D168-4F55-8E34-A2B37E3A4846}.Debug|Any CPU.ActiveCfg = Debug|Any CPU
		{5BEEC407-D168-4F55-8E34-A2B37E3A4846}.Debug|Any CPU.Build.0 = Debug|Any CPU
		{5BEEC407-D168-4F55-8E34-A2B37E3A4846}.Release|Any CPU.ActiveCfg = Release|Any CPU
		{5BEEC407-D168-4F55-8E34-A2B37E3A4846}.Release|Any CPU.Build.0 = Release|Any CPU
	EndGlobalSection
	GlobalSection(SolutionProperties) = preSolution
		HideSolutionNode = FALSE
	EndGlobalSection
	GlobalSection(ExtensibilityGlobals) = postSolution
		SolutionGuid = {D2294009-654E-4A0A-95E8-F28FB9D16248}
	EndGlobalSection
EndGlobal
